// !$*UTF8*$!
{
	archiveVersion = 1;
	classes = {
	};
	objectVersion = 50;
	objects = {

/* Begin PBXBuildFile section */
		7F81B456F086F1D81E6AF8C5 /* Pods_Places.framework in Frameworks */ = {isa = PBXBuildFile; fileRef = 7988CBA1BFAD7305394C728D /* Pods_Places.framework */; };
		AD490A5B2201B0E400C9DEA2 /* Category.swift in Sources */ = {isa = PBXBuildFile; fileRef = AD490A5A2201B0E400C9DEA2 /* Category.swift */; };
		AD490A5D2201CDE600C9DEA2 /* PlacesViewController.swift in Sources */ = {isa = PBXBuildFile; fileRef = AD490A5C2201CDE600C9DEA2 /* PlacesViewController.swift */; };
		AD4C72EF2201364C0003CDF3 /* Place.swift in Sources */ = {isa = PBXBuildFile; fileRef = AD4C72EE2201364C0003CDF3 /* Place.swift */; };
		AD82117A2204FF54004C29C9 /* AddEditPlaceViewController.swift in Sources */ = {isa = PBXBuildFile; fileRef = AD8211792204FF54004C29C9 /* AddEditPlaceViewController.swift */; };
		AD997A33220131E000A734D0 /* AppDelegate.swift in Sources */ = {isa = PBXBuildFile; fileRef = AD997A32220131E000A734D0 /* AppDelegate.swift */; };
		AD997A35220131E000A734D0 /* CategoriesViewController.swift in Sources */ = {isa = PBXBuildFile; fileRef = AD997A34220131E000A734D0 /* CategoriesViewController.swift */; };
		AD997A38220131E000A734D0 /* Main.storyboard in Resources */ = {isa = PBXBuildFile; fileRef = AD997A36220131E000A734D0 /* Main.storyboard */; };
		AD997A3A220131E200A734D0 /* Assets.xcassets in Resources */ = {isa = PBXBuildFile; fileRef = AD997A39220131E200A734D0 /* Assets.xcassets */; };
		AD997A3D220131E200A734D0 /* LaunchScreen.storyboard in Resources */ = {isa = PBXBuildFile; fileRef = AD997A3B220131E200A734D0 /* LaunchScreen.storyboard */; };
/* End PBXBuildFile section */

/* Begin PBXFileReference section */
		1799F8F5C1554B0F27811B6B /* Pods-Places.debug.xcconfig */ = {isa = PBXFileReference; includeInIndex = 1; lastKnownFileType = text.xcconfig; name = "Pods-Places.debug.xcconfig"; path = "Pods/Target Support Files/Pods-Places/Pods-Places.debug.xcconfig"; sourceTree = "<group>"; };
		7988CBA1BFAD7305394C728D /* Pods_Places.framework */ = {isa = PBXFileReference; explicitFileType = wrapper.framework; includeInIndex = 0; path = Pods_Places.framework; sourceTree = BUILT_PRODUCTS_DIR; };
		86FF357E935EC37ADCCFC839 /* Pods-Places.release.xcconfig */ = {isa = PBXFileReference; includeInIndex = 1; lastKnownFileType = text.xcconfig; name = "Pods-Places.release.xcconfig"; path = "Pods/Target Support Files/Pods-Places/Pods-Places.release.xcconfig"; sourceTree = "<group>"; };
		AD490A5A2201B0E400C9DEA2 /* Category.swift */ = {isa = PBXFileReference; lastKnownFileType = sourcecode.swift; path = Category.swift; sourceTree = "<group>"; };
		AD490A5C2201CDE600C9DEA2 /* PlacesViewController.swift */ = {isa = PBXFileReference; lastKnownFileType = sourcecode.swift; path = PlacesViewController.swift; sourceTree = "<group>"; };
		AD4C72EE2201364C0003CDF3 /* Place.swift */ = {isa = PBXFileReference; lastKnownFileType = sourcecode.swift; path = Place.swift; sourceTree = "<group>"; };
		AD701CBE220519E80030059B /* CoreLocation.framework */ = {isa = PBXFileReference; lastKnownFileType = wrapper.framework; name = CoreLocation.framework; path = System/Library/Frameworks/CoreLocation.framework; sourceTree = SDKROOT; };
		AD8211792204FF54004C29C9 /* AddEditPlaceViewController.swift */ = {isa = PBXFileReference; lastKnownFileType = sourcecode.swift; path = AddEditPlaceViewController.swift; sourceTree = "<group>"; };
		AD997A2F220131E000A734D0 /* Places.app */ = {isa = PBXFileReference; explicitFileType = wrapper.application; includeInIndex = 0; path = Places.app; sourceTree = BUILT_PRODUCTS_DIR; };
		AD997A32220131E000A734D0 /* AppDelegate.swift */ = {isa = PBXFileReference; lastKnownFileType = sourcecode.swift; path = AppDelegate.swift; sourceTree = "<group>"; };
		AD997A34220131E000A734D0 /* CategoriesViewController.swift */ = {isa = PBXFileReference; lastKnownFileType = sourcecode.swift; path = CategoriesViewController.swift; sourceTree = "<group>"; };
		AD997A37220131E000A734D0 /* Base */ = {isa = PBXFileReference; lastKnownFileType = file.storyboard; name = Base; path = Base.lproj/Main.storyboard; sourceTree = "<group>"; };
		AD997A39220131E200A734D0 /* Assets.xcassets */ = {isa = PBXFileReference; lastKnownFileType = folder.assetcatalog; path = Assets.xcassets; sourceTree = "<group>"; };
		AD997A3C220131E200A734D0 /* Base */ = {isa = PBXFileReference; lastKnownFileType = file.storyboard; name = Base; path = Base.lproj/LaunchScreen.storyboard; sourceTree = "<group>"; };
		AD997A3E220131E200A734D0 /* Info.plist */ = {isa = PBXFileReference; lastKnownFileType = text.plist.xml; path = Info.plist; sourceTree = "<group>"; };
/* End PBXFileReference section */

/* Begin PBXFrameworksBuildPhase section */
		AD997A2C220131E000A734D0 /* Frameworks */ = {
			isa = PBXFrameworksBuildPhase;
			buildActionMask = 2147483647;
			files = (
				7F81B456F086F1D81E6AF8C5 /* Pods_Places.framework in Frameworks */,
			);
			runOnlyForDeploymentPostprocessing = 0;
		};
/* End PBXFrameworksBuildPhase section */

/* Begin PBXGroup section */
		20F09A597235D0C19DEE960D /* Frameworks */ = {
			isa = PBXGroup;
			children = (
				AD701CBE220519E80030059B /* CoreLocation.framework */,
				7988CBA1BFAD7305394C728D /* Pods_Places.framework */,
			);
			name = Frameworks;
			sourceTree = "<group>";
		};
		8B3BAF2683DEF98C63ED2AC2 /* Pods */ = {
			isa = PBXGroup;
			children = (
				1799F8F5C1554B0F27811B6B /* Pods-Places.debug.xcconfig */,
				86FF357E935EC37ADCCFC839 /* Pods-Places.release.xcconfig */,
			);
			name = Pods;
			sourceTree = "<group>";
		};
		AD4C72EC220136280003CDF3 /* View */ = {
			isa = PBXGroup;
			children = (
				AD997A36220131E000A734D0 /* Main.storyboard */,
				AD997A3B220131E200A734D0 /* LaunchScreen.storyboard */,
			);
			path = View;
			sourceTree = "<group>";
		};
		AD4C72ED220136310003CDF3 /* Controller */ = {
			isa = PBXGroup;
			children = (
				AD997A34220131E000A734D0 /* CategoriesViewController.swift */,
				AD490A5C2201CDE600C9DEA2 /* PlacesViewController.swift */,
				AD8211792204FF54004C29C9 /* AddEditPlaceViewController.swift */,
			);
			path = Controller;
			sourceTree = "<group>";
		};
		AD4C72F0220136530003CDF3 /* Model */ = {
			isa = PBXGroup;
			children = (
				AD4C72EE2201364C0003CDF3 /* Place.swift */,
				AD490A5A2201B0E400C9DEA2 /* Category.swift */,
			);
			path = Model;
			sourceTree = "<group>";
		};
		AD997A26220131E000A734D0 = {
			isa = PBXGroup;
			children = (
				AD997A31220131E000A734D0 /* Places */,
				AD997A30220131E000A734D0 /* Products */,
				8B3BAF2683DEF98C63ED2AC2 /* Pods */,
				20F09A597235D0C19DEE960D /* Frameworks */,
			);
			sourceTree = "<group>";
		};
		AD997A30220131E000A734D0 /* Products */ = {
			isa = PBXGroup;
			children = (
				AD997A2F220131E000A734D0 /* Places.app */,
			);
			name = Products;
			sourceTree = "<group>";
		};
		AD997A31220131E000A734D0 /* Places */ = {
			isa = PBXGroup;
			children = (
				AD997A32220131E000A734D0 /* AppDelegate.swift */,
				AD4C72F0220136530003CDF3 /* Model */,
				AD4C72EC220136280003CDF3 /* View */,
				AD4C72ED220136310003CDF3 /* Controller */,
				AD997A39220131E200A734D0 /* Assets.xcassets */,
				AD997A3E220131E200A734D0 /* Info.plist */,
			);
			path = Places;
			sourceTree = "<group>";
		};
/* End PBXGroup section */

/* Begin PBXNativeTarget section */
		AD997A2E220131E000A734D0 /* Places */ = {
			isa = PBXNativeTarget;
			buildConfigurationList = AD997A41220131E200A734D0 /* Build configuration list for PBXNativeTarget "Places" */;
			buildPhases = (
				EF6EF845EFDDEA4656A12FC3 /* [CP] Check Pods Manifest.lock */,
				AD997A2B220131E000A734D0 /* Sources */,
				AD997A2C220131E000A734D0 /* Frameworks */,
				AD997A2D220131E000A734D0 /* Resources */,
				3AA9D13A32EC9652C26CBC39 /* [CP] Embed Pods Frameworks */,
			);
			buildRules = (
			);
			dependencies = (
			);
			name = Places;
			productName = Places;
			productReference = AD997A2F220131E000A734D0 /* Places.app */;
			productType = "com.apple.product-type.application";
		};
/* End PBXNativeTarget section */

/* Begin PBXProject section */
		AD997A27220131E000A734D0 /* Project object */ = {
			isa = PBXProject;
			attributes = {
				LastSwiftUpdateCheck = 1010;
				LastUpgradeCheck = 1010;
				ORGANIZATIONNAME = "Wojciech Karaś";
				TargetAttributes = {
					AD997A2E220131E000A734D0 = {
						CreatedOnToolsVersion = 10.1;
					};
				};
			};
			buildConfigurationList = AD997A2A220131E000A734D0 /* Build configuration list for PBXProject "Places" */;
			compatibilityVersion = "Xcode 9.3";
			developmentRegion = en;
			hasScannedForEncodings = 0;
			knownRegions = (
				en,
				Base,
			);
			mainGroup = AD997A26220131E000A734D0;
			productRefGroup = AD997A30220131E000A734D0 /* Products */;
			projectDirPath = "";
			projectRoot = "";
			targets = (
				AD997A2E220131E000A734D0 /* Places */,
			);
		};
/* End PBXProject section */

/* Begin PBXResourcesBuildPhase section */
		AD997A2D220131E000A734D0 /* Resources */ = {
			isa = PBXResourcesBuildPhase;
			buildActionMask = 2147483647;
			files = (
				AD997A3D220131E200A734D0 /* LaunchScreen.storyboard in Resources */,
				AD997A3A220131E200A734D0 /* Assets.xcassets in Resources */,
				AD997A38220131E000A734D0 /* Main.storyboard in Resources */,
			);
			runOnlyForDeploymentPostprocessing = 0;
		};
/* End PBXResourcesBuildPhase section */

/* Begin PBXShellScriptBuildPhase section */
		3AA9D13A32EC9652C26CBC39 /* [CP] Embed Pods Frameworks */ = {
			isa = PBXShellScriptBuildPhase;
			buildActionMask = 2147483647;
			files = (
			);
			inputFileListPaths = (
			);
			inputPaths = (
				"${SRCROOT}/Pods/Target Support Files/Pods-Places/Pods-Places-frameworks.sh",
				"${BUILT_PRODUCTS_DIR}/Realm/Realm.framework",
				"${BUILT_PRODUCTS_DIR}/RealmSwift/RealmSwift.framework",
			);
			name = "[CP] Embed Pods Frameworks";
			outputFileListPaths = (
			);
			outputPaths = (
				"${TARGET_BUILD_DIR}/${FRAMEWORKS_FOLDER_PATH}/Realm.framework",
				"${TARGET_BUILD_DIR}/${FRAMEWORKS_FOLDER_PATH}/RealmSwift.framework",
			);
			runOnlyForDeploymentPostprocessing = 0;
			shellPath = /bin/sh;
			shellScript = "\"${SRCROOT}/Pods/Target Support Files/Pods-Places/Pods-Places-frameworks.sh\"\n";
			showEnvVarsInLog = 0;
		};
		EF6EF845EFDDEA4656A12FC3 /* [CP] Check Pods Manifest.lock */ = {
			isa = PBXShellScriptBuildPhase;
			buildActionMask = 2147483647;
			files = (
			);
			inputFileListPaths = (
			);
			inputPaths = (
				"${PODS_PODFILE_DIR_PATH}/Podfile.lock",
				"${PODS_ROOT}/Manifest.lock",
			);
			name = "[CP] Check Pods Manifest.lock";
			outputFileListPaths = (
			);
			outputPaths = (
				"$(DERIVED_FILE_DIR)/Pods-Places-checkManifestLockResult.txt",
			);
			runOnlyForDeploymentPostprocessing = 0;
			shellPath = /bin/sh;
			shellScript = "diff \"${PODS_PODFILE_DIR_PATH}/Podfile.lock\" \"${PODS_ROOT}/Manifest.lock\" > /dev/null\nif [ $? != 0 ] ; then\n    # print error to STDERR\n    echo \"error: The sandbox is not in sync with the Podfile.lock. Run 'pod install' or update your CocoaPods installation.\" >&2\n    exit 1\nfi\n# This output is used by Xcode 'outputs' to avoid re-running this script phase.\necho \"SUCCESS\" > \"${SCRIPT_OUTPUT_FILE_0}\"\n";
			showEnvVarsInLog = 0;
		};
/* End PBXShellScriptBuildPhase section */

/* Begin PBXSourcesBuildPhase section */
		AD997A2B220131E000A734D0 /* Sources */ = {
			isa = PBXSourcesBuildPhase;
			buildActionMask = 2147483647;
			files = (
				AD4C72EF2201364C0003CDF3 /* Place.swift in Sources */,
				AD997A35220131E000A734D0 /* CategoriesViewController.swift in Sources */,
				AD997A33220131E000A734D0 /* AppDelegate.swift in Sources */,
				AD490A5D2201CDE600C9DEA2 /* PlacesViewController.swift in Sources */,
				AD82117A2204FF54004C29C9 /* AddEditPlaceViewController.swift in Sources */,
				AD490A5B2201B0E400C9DEA2 /* Category.swift in Sources */,
			);
			runOnlyForDeploymentPostprocessing = 0;
		};
/* End PBXSourcesBuildPhase section */

/* Begin PBXVariantGroup section */
		AD997A36220131E000A734D0 /* Main.storyboard */ = {
			isa = PBXVariantGroup;
			children = (
				AD997A37220131E000A734D0 /* Base */,
			);
			name = Main.storyboard;
			sourceTree = "<group>";
		};
		AD997A3B220131E200A734D0 /* LaunchScreen.storyboard */ = {
			isa = PBXVariantGroup;
			children = (
				AD997A3C220131E200A734D0 /* Base */,
			);
			name = LaunchScreen.storyboard;
			sourceTree = "<group>";
		};
/* End PBXVariantGroup section */

/* Begin XCBuildConfiguration section */
		AD997A3F220131E200A734D0 /* Debug */ = {
			isa = XCBuildConfiguration;
			buildSettings = {
				ALWAYS_SEARCH_USER_PATHS = NO;
				CLANG_ANALYZER_NONNULL = YES;
				CLANG_ANALYZER_NUMBER_OBJECT_CONVERSION = YES_AGGRESSIVE;
				CLANG_CXX_LANGUAGE_STANDARD = "gnu++14";
				CLANG_CXX_LIBRARY = "libc++";
				CLANG_ENABLE_MODULES = YES;
				CLANG_ENABLE_OBJC_ARC = YES;
				CLANG_ENABLE_OBJC_WEAK = YES;
				CLANG_WARN_BLOCK_CAPTURE_AUTORELEASING = YES;
				CLANG_WARN_BOOL_CONVERSION = YES;
				CLANG_WARN_COMMA = YES;
				CLANG_WARN_CONSTANT_CONVERSION = YES;
				CLANG_WARN_DEPRECATED_OBJC_IMPLEMENTATIONS = YES;
				CLANG_WARN_DIRECT_OBJC_ISA_USAGE = YES_ERROR;
				CLANG_WARN_DOCUMENTATION_COMMENTS = YES;
				CLANG_WARN_EMPTY_BODY = YES;
				CLANG_WARN_ENUM_CONVERSION = YES;
				CLANG_WARN_INFINITE_RECURSION = YES;
				CLANG_WARN_INT_CONVERSION = YES;
				CLANG_WARN_NON_LITERAL_NULL_CONVERSION = YES;
				CLANG_WARN_OBJC_IMPLICIT_RETAIN_SELF = YES;
				CLANG_WARN_OBJC_LITERAL_CONVERSION = YES;
				CLANG_WARN_OBJC_ROOT_CLASS = YES_ERROR;
				CLANG_WARN_RANGE_LOOP_ANALYSIS = YES;
				CLANG_WARN_STRICT_PROTOTYPES = YES;
				CLANG_WARN_SUSPICIOUS_MOVE = YES;
				CLANG_WARN_UNGUARDED_AVAILABILITY = YES_AGGRESSIVE;
				CLANG_WARN_UNREACHABLE_CODE = YES;
				CLANG_WARN__DUPLICATE_METHOD_MATCH = YES;
				CODE_SIGN_IDENTITY = "iPhone Developer";
				COPY_PHASE_STRIP = NO;
				DEBUG_INFORMATION_FORMAT = dwarf;
				ENABLE_STRICT_OBJC_MSGSEND = YES;
				ENABLE_TESTABILITY = YES;
				GCC_C_LANGUAGE_STANDARD = gnu11;
				GCC_DYNAMIC_NO_PIC = NO;
				GCC_NO_COMMON_BLOCKS = YES;
				GCC_OPTIMIZATION_LEVEL = 0;
				GCC_PREPROCESSOR_DEFINITIONS = (
					"DEBUG=1",
					"$(inherited)",
				);
				GCC_WARN_64_TO_32_BIT_CONVERSION = YES;
				GCC_WARN_ABOUT_RETURN_TYPE = YES_ERROR;
				GCC_WARN_UNDECLARED_SELECTOR = YES;
				GCC_WARN_UNINITIALIZED_AUTOS = YES_AGGRESSIVE;
				GCC_WARN_UNUSED_FUNCTION = YES;
				GCC_WARN_UNUSED_VARIABLE = YES;
				IPHONEOS_DEPLOYMENT_TARGET = 12.1;
				MTL_ENABLE_DEBUG_INFO = INCLUDE_SOURCE;
				MTL_FAST_MATH = YES;
				ONLY_ACTIVE_ARCH = YES;
				SDKROOT = iphoneos;
				SWIFT_ACTIVE_COMPILATION_CONDITIONS = DEBUG;
				SWIFT_OPTIMIZATION_LEVEL = "-Onone";
			};
			name = Debug;
		};
		AD997A40220131E200A734D0 /* Release */ = {
			isa = XCBuildConfiguration;
			buildSettings = {
				ALWAYS_SEARCH_USER_PATHS = NO;
				CLANG_ANALYZER_NONNULL = YES;
				CLANG_ANALYZER_NUMBER_OBJECT_CONVERSION = YES_AGGRESSIVE;
				CLANG_CXX_LANGUAGE_STANDARD = "gnu++14";
				CLANG_CXX_LIBRARY = "libc++";
				CLANG_ENABLE_MODULES = YES;
				CLANG_ENABLE_OBJC_ARC = YES;
				CLANG_ENABLE_OBJC_WEAK = YES;
				CLANG_WARN_BLOCK_CAPTURE_AUTORELEASING = YES;
				CLANG_WARN_BOOL_CONVERSION = YES;
				CLANG_WARN_COMMA = YES;
				CLANG_WARN_CONSTANT_CONVERSION = YES;
				CLANG_WARN_DEPRECATED_OBJC_IMPLEMENTATIONS = YES;
				CLANG_WARN_DIRECT_OBJC_ISA_USAGE = YES_ERROR;
				CLANG_WARN_DOCUMENTATION_COMMENTS = YES;
				CLANG_WARN_EMPTY_BODY = YES;
				CLANG_WARN_ENUM_CONVERSION = YES;
				CLANG_WARN_INFINITE_RECURSION = YES;
				CLANG_WARN_INT_CONVERSION = YES;
				CLANG_WARN_NON_LITERAL_NULL_CONVERSION = YES;
				CLANG_WARN_OBJC_IMPLICIT_RETAIN_SELF = YES;
				CLANG_WARN_OBJC_LITERAL_CONVERSION = YES;
				CLANG_WARN_OBJC_ROOT_CLASS = YES_ERROR;
				CLANG_WARN_RANGE_LOOP_ANALYSIS = YES;
				CLANG_WARN_STRICT_PROTOTYPES = YES;
				CLANG_WARN_SUSPICIOUS_MOVE = YES;
				CLANG_WARN_UNGUARDED_AVAILABILITY = YES_AGGRESSIVE;
				CLANG_WARN_UNREACHABLE_CODE = YES;
				CLANG_WARN__DUPLICATE_METHOD_MATCH = YES;
				CODE_SIGN_IDENTITY = "iPhone Developer";
				COPY_PHASE_STRIP = NO;
				DEBUG_INFORMATION_FORMAT = "dwarf-with-dsym";
				ENABLE_NS_ASSERTIONS = NO;
				ENABLE_STRICT_OBJC_MSGSEND = YES;
				GCC_C_LANGUAGE_STANDARD = gnu11;
				GCC_NO_COMMON_BLOCKS = YES;
				GCC_WARN_64_TO_32_BIT_CONVERSION = YES;
				GCC_WARN_ABOUT_RETURN_TYPE = YES_ERROR;
				GCC_WARN_UNDECLARED_SELECTOR = YES;
				GCC_WARN_UNINITIALIZED_AUTOS = YES_AGGRESSIVE;
				GCC_WARN_UNUSED_FUNCTION = YES;
				GCC_WARN_UNUSED_VARIABLE = YES;
				IPHONEOS_DEPLOYMENT_TARGET = 12.1;
				MTL_ENABLE_DEBUG_INFO = NO;
				MTL_FAST_MATH = YES;
				SDKROOT = iphoneos;
				SWIFT_COMPILATION_MODE = wholemodule;
				SWIFT_OPTIMIZATION_LEVEL = "-O";
				VALIDATE_PRODUCT = YES;
			};
			name = Release;
		};
		AD997A42220131E200A734D0 /* Debug */ = {
			isa = XCBuildConfiguration;
			baseConfigurationReference = 1799F8F5C1554B0F27811B6B /* Pods-Places.debug.xcconfig */;
			buildSettings = {
				ASSETCATALOG_COMPILER_APPICON_NAME = AppIcon;
				CODE_SIGN_STYLE = Manual;
				DEVELOPMENT_TEAM = "";
				INFOPLIST_FILE = Places/Info.plist;
				LD_RUNPATH_SEARCH_PATHS = (
					"$(inherited)",
					"@executable_path/Frameworks",
				);
				PRODUCT_BUNDLE_IDENTIFIER = com.goldfishmedia.Places;
				PRODUCT_NAME = "$(TARGET_NAME)";
				PROVISIONING_PROFILE_SPECIFIER = "";
				SWIFT_VERSION = 4.2;
				TARGETED_DEVICE_FAMILY = "1,2";
			};
			name = Debug;
		};
		AD997A43220131E200A734D0 /* Release */ = {
			isa = XCBuildConfiguration;
			baseConfigurationReference = 86FF357E935EC37ADCCFC839 /* Pods-Places.release.xcconfig */;
			buildSettings = {
				ASSETCATALOG_COMPILER_APPICON_NAME = AppIcon;
				CODE_SIGN_STYLE = Manual;
				DEVELOPMENT_TEAM = "";
				INFOPLIST_FILE = Places/Info.plist;
				LD_RUNPATH_SEARCH_PATHS = (
					"$(inherited)",
					"@executable_path/Frameworks",
				);
				PRODUCT_BUNDLE_IDENTIFIER = com.goldfishmedia.Places;
				PRODUCT_NAME = "$(TARGET_NAME)";
				PROVISIONING_PROFILE_SPECIFIER = "";
				SWIFT_VERSION = 4.2;
				TARGETED_DEVICE_FAMILY = "1,2";
			};
			name = Release;
		};
/* End XCBuildConfiguration section */

/* Begin XCConfigurationList section */
		AD997A2A220131E000A734D0 /* Build configuration list for PBXProject "Places" */ = {
			isa = XCConfigurationList;
			buildConfigurations = (
				AD997A3F220131E200A734D0 /* Debug */,
				AD997A40220131E200A734D0 /* Release */,
			);
			defaultConfigurationIsVisible = 0;
			defaultConfigurationName = Release;
		};
		AD997A41220131E200A734D0 /* Build configuration list for PBXNativeTarget "Places" */ = {
			isa = XCConfigurationList;
			buildConfigurations = (
				AD997A42220131E200A734D0 /* Debug */,
				AD997A43220131E200A734D0 /* Release */,
			);
			defaultConfigurationIsVisible = 0;
			defaultConfigurationName = Release;
		};
/* End XCConfigurationList section */
	};
	rootObject = AD997A27220131E000A734D0 /* Project object */;
}
